
Microsoft Visual Studio Solution File, Format Version 12.00
# Visual Studio 2012
Project("{FAE04EC0-301F-11D3-BF4B-00C04F79EFBC}") = "Client", "Animedata\Client.csproj", "{034AF35F-71F4-4948-A891-6AA0D531C73A}"
EndProject
Project("{2150E333-8FDC-42A3-9474-1A3956D46DE8}") = "App", "App", "{9433269B-6F3B-4F18-8D41-DDF6BADFD703}"
EndProject
Project("{2150E333-8FDC-42A3-9474-1A3956D46DE8}") = "Lib", "Lib", "{709DB695-FAD8-4E15-B63C-22D036CEA2CD}"
EndProject
Project("{FAE04EC0-301F-11D3-BF4B-00C04F79EFBC}") = "Lib", "Lib\Lib.csproj", "{C9783C84-8650-4D11-AE6F-0D1B5FAB91F3}"
EndProject
Project("{FAE04EC0-301F-11D3-BF4B-00C04F79EFBC}") = "UILib", "UILib\UILib.csproj", "{37A6EEF9-6781-45B8-8262-172A9F048A24}"
EndProject
Project("{FAE04EC0-301F-11D3-BF4B-00C04F79EFBC}") = "MusicClient", "MusicClient\MusicClient.csproj", "{E239F26E-C240-439F-9D7A-D7E3A9555B23}"
EndProject
Global
	GlobalSection(SolutionConfigurationPlatforms) = preSolution
		Debug|Any CPU = Debug|Any CPU
		Debug|x86 = Debug|x86
		Release|Any CPU = Release|Any CPU
		Release|x86 = Release|x86
	EndGlobalSection
	GlobalSection(ProjectConfigurationPlatforms) = postSolution
		{034AF35F-71F4-4948-A891-6AA0D531C73A}.Debug|Any CPU.ActiveCfg = Debug|Any CPU
		{034AF35F-71F4-4948-A891-6AA0D531C73A}.Debug|Any CPU.Build.0 = Debug|Any CPU
		{034AF35F-71F4-4948-A891-6AA0D531C73A}.Debug|Any CPU.Deploy.0 = Debug|Any CPU
		{034AF35F-71F4-4948-A891-6AA0D531C73A}.Debug|x86.ActiveCfg = Debug|x86
		{034AF35F-71F4-4948-A891-6AA0D531C73A}.Debug|x86.Build.0 = Debug|x86
		{034AF35F-71F4-4948-A891-6AA0D531C73A}.Release|Any CPU.ActiveCfg = Release|Any CPU
		{034AF35F-71F4-4948-A891-6AA0D531C73A}.Release|Any CPU.Build.0 = Release|Any CPU
		{034AF35F-71F4-4948-A891-6AA0D531C73A}.Release|x86.ActiveCfg = Release|x86
		{034AF35F-71F4-4948-A891-6AA0D531C73A}.Release|x86.Build.0 = Release|x86
		{C9783C84-8650-4D11-AE6F-0D1B5FAB91F3}.Debug|Any CPU.ActiveCfg = Debug|Any CPU
		{C9783C84-8650-4D11-AE6F-0D1B5FAB91F3}.Debug|Any CPU.Build.0 = Debug|Any CPU
		{C9783C84-8650-4D11-AE6F-0D1B5FAB91F3}.Debug|x86.ActiveCfg = Debug|Any CPU
		{C9783C84-8650-4D11-AE6F-0D1B5FAB91F3}.Release|Any CPU.ActiveCfg = Release|Any CPU
		{C9783C84-8650-4D11-AE6F-0D1B5FAB91F3}.Release|Any CPU.Build.0 = Release|Any CPU
		{C9783C84-8650-4D11-AE6F-0D1B5FAB91F3}.Release|x86.ActiveCfg = Release|Any CPU
		{37A6EEF9-6781-45B8-8262-172A9F048A24}.Debug|Any CPU.ActiveCfg = Debug|Any CPU
		{37A6EEF9-6781-45B8-8262-172A9F048A24}.Debug|Any CPU.Build.0 = Debug|Any CPU
		{37A6EEF9-6781-45B8-8262-172A9F048A24}.Debug|x86.ActiveCfg = Debug|Any CPU
		{37A6EEF9-6781-45B8-8262-172A9F048A24}.Release|Any CPU.ActiveCfg = Release|Any CPU
		{37A6EEF9-6781-45B8-8262-172A9F048A24}.Release|Any CPU.Build.0 = Release|Any CPU
		{37A6EEF9-6781-45B8-8262-172A9F048A24}.Release|x86.ActiveCfg = Release|Any CPU
		{E239F26E-C240-439F-9D7A-D7E3A9555B23}.Debug|Any CPU.ActiveCfg = Debug|Any CPU
		{E239F26E-C240-439F-9D7A-D7E3A9555B23}.Debug|Any CPU.Build.0 = Debug|Any CPU
		{E239F26E-C240-439F-9D7A-D7E3A9555B23}.Debug|x86.ActiveCfg = Debug|Any CPU
		{E239F26E-C240-439F-9D7A-D7E3A9555B23}.Release|Any CPU.ActiveCfg = Release|Any CPU
		{E239F26E-C240-439F-9D7A-D7E3A9555B23}.Release|Any CPU.Build.0 = Release|Any CPU
		{E239F26E-C240-439F-9D7A-D7E3A9555B23}.Release|x86.ActiveCfg = Release|Any CPU
	EndGlobalSection
	GlobalSection(SolutionProperties) = preSolution
		HideSolutionNode = FALSE
	EndGlobalSection
	GlobalSection(NestedProjects) = preSolution
		{034AF35F-71F4-4948-A891-6AA0D531C73A} = {9433269B-6F3B-4F18-8D41-DDF6BADFD703}
		{E239F26E-C240-439F-9D7A-D7E3A9555B23} = {9433269B-6F3B-4F18-8D41-DDF6BADFD703}
		{C9783C84-8650-4D11-AE6F-0D1B5FAB91F3} = {709DB695-FAD8-4E15-B63C-22D036CEA2CD}
		{37A6EEF9-6781-45B8-8262-172A9F048A24} = {709DB695-FAD8-4E15-B63C-22D036CEA2CD}
	EndGlobalSection
EndGlobal
